
Microsoft Visual Studio Solution File, Format Version 12.00
# Visual Studio Express 2013 for Web
VisualStudioVersion = 12.0.30501.0
MinimumVisualStudioVersion = 10.0.40219.1
Project("{2150E333-8FDC-42A3-9474-1A3956D46DE8}") = "Dependencies", "Dependencies", "{A6718064-7075-428C-B51B-4D32556D5ECD}"
	ProjectSection(SolutionItems) = preProject
		..\eInvoice\ST\測試資料\UXB2B Certificate Center.cer = ..\eInvoice\ST\測試資料\UXB2B Certificate Center.cer
		..\eInvoice\ST\測試資料\UXB2B Root CA.sst = ..\eInvoice\ST\測試資料\UXB2B Root CA.sst
		..\eInvoice\ST\測試資料\UXSigner.pfx = ..\eInvoice\ST\測試資料\UXSigner.pfx
	EndProjectSection
EndProject
Project("{FAE04EC0-301F-11D3-BF4B-00C04F79EFBC}") = "eIVOGo", "eIVOGo\eIVOGo.csproj", "{9E9ABA84-E224-4984-991C-6584573404B3}"
EndProject
Project("{FAE04EC0-301F-11D3-BF4B-00C04F79EFBC}") = "Uxnet.Com.Net4", "..\Uxnet\Uxnet.Com\Uxnet.Com.Net4.csproj", "{3298E1B8-C056-41C3-B88D-925155299EF1}"
EndProject
Project("{FAE04EC0-301F-11D3-BF4B-00C04F79EFBC}") = "Model", "Model\Model.csproj", "{2F1547B6-2DD4-4A57-A40F-258103591603}"
EndProject
Project("{FAE04EC0-301F-11D3-BF4B-00C04F79EFBC}") = "Business", "Business\Business.csproj", "{8CF5D523-2AB2-4A61-9660-5AB9E36F48D6}"
EndProject
Project("{FAE04EC0-301F-11D3-BF4B-00C04F79EFBC}") = "InvoiceClient", "InvoiceClient\InvoiceClient.csproj", "{90365DBC-0D13-4FA9-977E-9A8DF4A66E38}"
EndProject
Project("{54435603-DBB4-11D2-8724-00A0C9A8B90C}") = "InvoiceClientInstaller", "InvoiceClientInstaller\InvoiceClientInstaller.vdproj", "{58854981-3088-4927-8B14-79B8E6221823}"
EndProject
Project("{FAE04EC0-301F-11D3-BF4B-00C04F79EFBC}") = "Uxnet.Web.Net4", "..\Uxnet\Uxnet.Web\Uxnet.Web.Net4.csproj", "{980AB4F3-1EC5-4673-8F83-AC093F88CD78}"
EndProject
Project("{FAE04EC0-301F-11D3-BF4B-00C04F79EFBC}") = "Uxnet.ToolAdapter", "..\Uxnet\Uxnet.ToolAdapter\Uxnet.ToolAdapter.csproj", "{B3AE4AFA-632C-493A-AC5A-9E6B7F9A2B30}"
EndProject
Project("{FAE04EC0-301F-11D3-BF4B-00C04F79EFBC}") = "ModelExtension", "ModelExtension\ModelExtension.csproj", "{772BDEAA-BFA0-4BF8-BC1E-A841C3D7DAFF}"
EndProject
Global
	GlobalSection(TeamFoundationVersionControl) = preSolution
		SccNumberOfProjects = 9
		SccEnterpriseProvider = {4CA58AB2-18FA-4F8D-95D4-32DDF27D184C}
		SccTeamFoundationServer = https://vm-sit04.uxb2b.com/tfs/defaultcollection
		SccProjectUniqueName0 = ..\\Uxnet\\Uxnet.Com\\Uxnet.Com.Net4.csproj
		SccProjectName0 = ../Uxnet/Uxnet.Com
		SccAuxPath0 = https://vm-sit04.uxb2b.com/tfs/defaultcollection
		SccLocalPath0 = ..\\Uxnet\\Uxnet.Com
		SccProvider0 = {4CA58AB2-18FA-4F8D-95D4-32DDF27D184C}
		SccProjectUniqueName1 = ..\\Uxnet\\Uxnet.ToolAdapter\\Uxnet.ToolAdapter.csproj
		SccProjectName1 = ../Uxnet/Uxnet.ToolAdapter
		SccAuxPath1 = https://vm-sit04.uxb2b.com/tfs/defaultcollection
		SccLocalPath1 = ..\\Uxnet\\Uxnet.ToolAdapter
		SccProvider1 = {4CA58AB2-18FA-4F8D-95D4-32DDF27D184C}
		SccProjectUniqueName2 = ..\\Uxnet\\Uxnet.Web\\Uxnet.Web.Net4.csproj
		SccProjectName2 = ../Uxnet/Uxnet.Web
		SccAuxPath2 = https://vm-sit04.uxb2b.com/tfs/defaultcollection
		SccLocalPath2 = ..\\Uxnet\\Uxnet.Web
		SccProvider2 = {4CA58AB2-18FA-4F8D-95D4-32DDF27D184C}
		SccProjectUniqueName3 = Business\\Business.csproj
		SccProjectName3 = Business
		SccAuxPath3 = https://vm-sit04.uxb2b.com/tfs/defaultcollection
		SccLocalPath3 = Business
		SccProvider3 = {4CA58AB2-18FA-4F8D-95D4-32DDF27D184C}
		SccProjectUniqueName4 = eIVOGo\\eIVOGo.csproj
		SccProjectName4 = eIVOGo
		SccAuxPath4 = https://vm-sit04.uxb2b.com/tfs/defaultcollection
		SccLocalPath4 = eIVOGo
		SccProvider4 = {4CA58AB2-18FA-4F8D-95D4-32DDF27D184C}
		SccProjectUniqueName5 = Model\\Model.csproj
		SccProjectName5 = Model
		SccAuxPath5 = https://vm-sit04.uxb2b.com/tfs/defaultcollection
		SccLocalPath5 = Model
		SccProvider5 = {4CA58AB2-18FA-4F8D-95D4-32DDF27D184C}
		SccProjectUniqueName6 = InvoiceClient\\InvoiceClient.csproj
		SccProjectName6 = InvoiceClient
		SccAuxPath6 = https://vm-sit04.uxb2b.com/tfs/defaultcollection
		SccLocalPath6 = InvoiceClient
		SccProvider6 = {4CA58AB2-18FA-4F8D-95D4-32DDF27D184C}
		SccProjectUniqueName7 = InvoiceClientInstaller\\InvoiceClientInstaller.vdproj
		SccProjectName7 = InvoiceClientInstaller
		SccAuxPath7 = https://vm-sit04.uxb2b.com/tfs/defaultcollection
		SccLocalPath7 = InvoiceClientInstaller
		SccProvider7 = {4CA58AB2-18FA-4F8D-95D4-32DDF27D184C}
		SccProjectUniqueName8 = ModelExtension\\ModelExtension.csproj
		SccProjectName8 = ModelExtension
		SccAuxPath8 = https://vm-sit04.uxb2b.com/tfs/defaultcollection
		SccLocalPath8 = ModelExtension
		SccProvider8 = {4CA58AB2-18FA-4F8D-95D4-32DDF27D184C}
	EndGlobalSection
	GlobalSection(SolutionConfigurationPlatforms) = preSolution
		Debug|Any CPU = Debug|Any CPU
		Debug|Mixed Platforms = Debug|Mixed Platforms
		Debug|x86 = Debug|x86
		Release|Any CPU = Release|Any CPU
		Release|Mixed Platforms = Release|Mixed Platforms
		Release|x86 = Release|x86
	EndGlobalSection
	GlobalSection(ProjectConfigurationPlatforms) = postSolution
		{9E9ABA84-E224-4984-991C-6584573404B3}.Debug|Any CPU.ActiveCfg = Debug|Any CPU
		{9E9ABA84-E224-4984-991C-6584573404B3}.Debug|Any CPU.Build.0 = Debug|Any CPU
		{9E9ABA84-E224-4984-991C-6584573404B3}.Debug|Mixed Platforms.ActiveCfg = Debug|Any CPU
		{9E9ABA84-E224-4984-991C-6584573404B3}.Debug|Mixed Platforms.Build.0 = Debug|Any CPU
		{9E9ABA84-E224-4984-991C-6584573404B3}.Debug|x86.ActiveCfg = Debug|Any CPU
		{9E9ABA84-E224-4984-991C-6584573404B3}.Release|Any CPU.ActiveCfg = Release|Any CPU
		{9E9ABA84-E224-4984-991C-6584573404B3}.Release|Any CPU.Build.0 = Release|Any CPU
		{9E9ABA84-E224-4984-991C-6584573404B3}.Release|Mixed Platforms.ActiveCfg = Release|Any CPU
		{9E9ABA84-E224-4984-991C-6584573404B3}.Release|Mixed Platforms.Build.0 = Release|Any CPU
		{9E9ABA84-E224-4984-991C-6584573404B3}.Release|x86.ActiveCfg = Release|Any CPU
		{3298E1B8-C056-41C3-B88D-925155299EF1}.Debug|Any CPU.ActiveCfg = Debug|Any CPU
		{3298E1B8-C056-41C3-B88D-925155299EF1}.Debug|Any CPU.Build.0 = Debug|Any CPU
		{3298E1B8-C056-41C3-B88D-925155299EF1}.Debug|Mixed Platforms.ActiveCfg = Debug|Any CPU
		{3298E1B8-C056-41C3-B88D-925155299EF1}.Debug|Mixed Platforms.Build.0 = Debug|Any CPU
		{3298E1B8-C056-41C3-B88D-925155299EF1}.Debug|x86.ActiveCfg = Debug|Any CPU
		{3298E1B8-C056-41C3-B88D-925155299EF1}.Release|Any CPU.ActiveCfg = Release|Any CPU
		{3298E1B8-C056-41C3-B88D-925155299EF1}.Release|Any CPU.Build.0 = Release|Any CPU
		{3298E1B8-C056-41C3-B88D-925155299EF1}.Release|Mixed Platforms.ActiveCfg = Release|Any CPU
		{3298E1B8-C056-41C3-B88D-925155299EF1}.Release|Mixed Platforms.Build.0 = Release|Any CPU
		{3298E1B8-C056-41C3-B88D-925155299EF1}.Release|x86.ActiveCfg = Release|Any CPU
		{2F1547B6-2DD4-4A57-A40F-258103591603}.Debug|Any CPU.ActiveCfg = Debug|Any CPU
		{2F1547B6-2DD4-4A57-A40F-258103591603}.Debug|Any CPU.Build.0 = Debug|Any CPU
		{2F1547B6-2DD4-4A57-A40F-258103591603}.Debug|Mixed Platforms.ActiveCfg = Debug|Any CPU
		{2F1547B6-2DD4-4A57-A40F-258103591603}.Debug|Mixed Platforms.Build.0 = Debug|Any CPU
		{2F1547B6-2DD4-4A57-A40F-258103591603}.Debug|x86.ActiveCfg = Debug|Any CPU
		{2F1547B6-2DD4-4A57-A40F-258103591603}.Release|Any CPU.ActiveCfg = Release|Any CPU
		{2F1547B6-2DD4-4A57-A40F-258103591603}.Release|Any CPU.Build.0 = Release|Any CPU
		{2F1547B6-2DD4-4A57-A40F-258103591603}.Release|Mixed Platforms.ActiveCfg = Release|Any CPU
		{2F1547B6-2DD4-4A57-A40F-258103591603}.Release|Mixed Platforms.Build.0 = Release|Any CPU
		{2F1547B6-2DD4-4A57-A40F-258103591603}.Release|x86.ActiveCfg = Release|Any CPU
		{8CF5D523-2AB2-4A61-9660-5AB9E36F48D6}.Debug|Any CPU.ActiveCfg = Debug|Any CPU
		{8CF5D523-2AB2-4A61-9660-5AB9E36F48D6}.Debug|Any CPU.Build.0 = Debug|Any CPU
		{8CF5D523-2AB2-4A61-9660-5AB9E36F48D6}.Debug|Mixed Platforms.ActiveCfg = Debug|Any CPU
		{8CF5D523-2AB2-4A61-9660-5AB9E36F48D6}.Debug|Mixed Platforms.Build.0 = Debug|Any CPU
		{8CF5D523-2AB2-4A61-9660-5AB9E36F48D6}.Debug|x86.ActiveCfg = Debug|Any CPU
		{8CF5D523-2AB2-4A61-9660-5AB9E36F48D6}.Release|Any CPU.ActiveCfg = Release|Any CPU
		{8CF5D523-2AB2-4A61-9660-5AB9E36F48D6}.Release|Any CPU.Build.0 = Release|Any CPU
		{8CF5D523-2AB2-4A61-9660-5AB9E36F48D6}.Release|Mixed Platforms.ActiveCfg = Release|Any CPU
		{8CF5D523-2AB2-4A61-9660-5AB9E36F48D6}.Release|Mixed Platforms.Build.0 = Release|Any CPU
		{8CF5D523-2AB2-4A61-9660-5AB9E36F48D6}.Release|x86.ActiveCfg = Release|Any CPU
		{90365DBC-0D13-4FA9-977E-9A8DF4A66E38}.Debug|Any CPU.ActiveCfg = Debug|x86
		{90365DBC-0D13-4FA9-977E-9A8DF4A66E38}.Debug|Mixed Platforms.ActiveCfg = Debug|x86
		{90365DBC-0D13-4FA9-977E-9A8DF4A66E38}.Debug|Mixed Platforms.Build.0 = Debug|x86
		{90365DBC-0D13-4FA9-977E-9A8DF4A66E38}.Debug|x86.ActiveCfg = Debug|x86
		{90365DBC-0D13-4FA9-977E-9A8DF4A66E38}.Debug|x86.Build.0 = Debug|x86
		{90365DBC-0D13-4FA9-977E-9A8DF4A66E38}.Release|Any CPU.ActiveCfg = Release|x86
		{90365DBC-0D13-4FA9-977E-9A8DF4A66E38}.Release|Mixed Platforms.ActiveCfg = Release|x86
		{90365DBC-0D13-4FA9-977E-9A8DF4A66E38}.Release|Mixed Platforms.Build.0 = Release|x86
		{90365DBC-0D13-4FA9-977E-9A8DF4A66E38}.Release|x86.ActiveCfg = Release|x86
		{90365DBC-0D13-4FA9-977E-9A8DF4A66E38}.Release|x86.Build.0 = Release|x86
		{58854981-3088-4927-8B14-79B8E6221823}.Debug|Any CPU.ActiveCfg = Debug
		{58854981-3088-4927-8B14-79B8E6221823}.Debug|Any CPU.Build.0 = Debug
		{58854981-3088-4927-8B14-79B8E6221823}.Debug|Mixed Platforms.ActiveCfg = Debug
		{58854981-3088-4927-8B14-79B8E6221823}.Debug|Mixed Platforms.Build.0 = Debug
		{58854981-3088-4927-8B14-79B8E6221823}.Debug|x86.ActiveCfg = Debug
		{58854981-3088-4927-8B14-79B8E6221823}.Debug|x86.Build.0 = Debug
		{58854981-3088-4927-8B14-79B8E6221823}.Release|Any CPU.ActiveCfg = Release
		{58854981-3088-4927-8B14-79B8E6221823}.Release|Any CPU.Build.0 = Release
		{58854981-3088-4927-8B14-79B8E6221823}.Release|Mixed Platforms.ActiveCfg = Release
		{58854981-3088-4927-8B14-79B8E6221823}.Release|Mixed Platforms.Build.0 = Release
		{58854981-3088-4927-8B14-79B8E6221823}.Release|x86.ActiveCfg = Release
		{58854981-3088-4927-8B14-79B8E6221823}.Release|x86.Build.0 = Release
		{980AB4F3-1EC5-4673-8F83-AC093F88CD78}.Debug|Any CPU.ActiveCfg = Debug|Any CPU
		{980AB4F3-1EC5-4673-8F83-AC093F88CD78}.Debug|Any CPU.Build.0 = Debug|Any CPU
		{980AB4F3-1EC5-4673-8F83-AC093F88CD78}.Debug|Mixed Platforms.ActiveCfg = Debug|Any CPU
		{980AB4F3-1EC5-4673-8F83-AC093F88CD78}.Debug|Mixed Platforms.Build.0 = Debug|Any CPU
		{980AB4F3-1EC5-4673-8F83-AC093F88CD78}.Debug|x86.ActiveCfg = Debug|Any CPU
		{980AB4F3-1EC5-4673-8F83-AC093F88CD78}.Release|Any CPU.ActiveCfg = Release|Any CPU
		{980AB4F3-1EC5-4673-8F83-AC093F88CD78}.Release|Any CPU.Build.0 = Release|Any CPU
		{980AB4F3-1EC5-4673-8F83-AC093F88CD78}.Release|Mixed Platforms.ActiveCfg = Release|Any CPU
		{980AB4F3-1EC5-4673-8F83-AC093F88CD78}.Release|Mixed Platforms.Build.0 = Release|Any CPU
		{980AB4F3-1EC5-4673-8F83-AC093F88CD78}.Release|x86.ActiveCfg = Release|Any CPU
		{B3AE4AFA-632C-493A-AC5A-9E6B7F9A2B30}.Debug|Any CPU.ActiveCfg = Debug|Any CPU
		{B3AE4AFA-632C-493A-AC5A-9E6B7F9A2B30}.Debug|Any CPU.Build.0 = Debug|Any CPU
		{B3AE4AFA-632C-493A-AC5A-9E6B7F9A2B30}.Debug|Mixed Platforms.ActiveCfg = Debug|Any CPU
		{B3AE4AFA-632C-493A-AC5A-9E6B7F9A2B30}.Debug|Mixed Platforms.Build.0 = Debug|Any CPU
		{B3AE4AFA-632C-493A-AC5A-9E6B7F9A2B30}.Debug|x86.ActiveCfg = Debug|Any CPU
		{B3AE4AFA-632C-493A-AC5A-9E6B7F9A2B30}.Release|Any CPU.ActiveCfg = Release|Any CPU
		{B3AE4AFA-632C-493A-AC5A-9E6B7F9A2B30}.Release|Any CPU.Build.0 = Release|Any CPU
		{B3AE4AFA-632C-493A-AC5A-9E6B7F9A2B30}.Release|Mixed Platforms.ActiveCfg = Release|Any CPU
		{B3AE4AFA-632C-493A-AC5A-9E6B7F9A2B30}.Release|Mixed Platforms.Build.0 = Release|Any CPU
		{B3AE4AFA-632C-493A-AC5A-9E6B7F9A2B30}.Release|x86.ActiveCfg = Release|Any CPU
		{772BDEAA-BFA0-4BF8-BC1E-A841C3D7DAFF}.Debug|Any CPU.ActiveCfg = Debug|Any CPU
		{772BDEAA-BFA0-4BF8-BC1E-A841C3D7DAFF}.Debug|Any CPU.Build.0 = Debug|Any CPU
		{772BDEAA-BFA0-4BF8-BC1E-A841C3D7DAFF}.Debug|Mixed Platforms.ActiveCfg = Debug|Any CPU
		{772BDEAA-BFA0-4BF8-BC1E-A841C3D7DAFF}.Debug|Mixed Platforms.Build.0 = Debug|Any CPU
		{772BDEAA-BFA0-4BF8-BC1E-A841C3D7DAFF}.Debug|x86.ActiveCfg = Debug|Any CPU
		{772BDEAA-BFA0-4BF8-BC1E-A841C3D7DAFF}.Release|Any CPU.ActiveCfg = Release|Any CPU
		{772BDEAA-BFA0-4BF8-BC1E-A841C3D7DAFF}.Release|Any CPU.Build.0 = Release|Any CPU
		{772BDEAA-BFA0-4BF8-BC1E-A841C3D7DAFF}.Release|Mixed Platforms.ActiveCfg = Release|Any CPU
		{772BDEAA-BFA0-4BF8-BC1E-A841C3D7DAFF}.Release|Mixed Platforms.Build.0 = Release|Any CPU
		{772BDEAA-BFA0-4BF8-BC1E-A841C3D7DAFF}.Release|x86.ActiveCfg = Release|Any CPU
	EndGlobalSection
	GlobalSection(SolutionProperties) = preSolution
		HideSolutionNode = FALSE
	EndGlobalSection
EndGlobal
