
Microsoft Visual Studio Solution File, Format Version 12.00
# Visual Studio 2013
VisualStudioVersion = 12.0.40629.0
MinimumVisualStudioVersion = 10.0.40219.1
Project("{E24C65DC-7377-472B-9ABA-BC803B73C61A}") = "eIVOGo", "http://localhost:2598", "{ED0F0D3C-4C58-452D-A0A5-F96DF590EDDA}"
	ProjectSection(WebsiteProperties) = preProject
		UseIISExpress = "true"
		TargetFrameworkMoniker = ".NETFramework,Version%3Dv4.0"
		Debug.AspNetCompiler.VirtualPath = "/localhost_2598"
		Debug.AspNetCompiler.PhysicalPath = "eIVOGo\"
		Debug.AspNetCompiler.TargetPath = "PrecompiledWeb\localhost_2598\"
		Debug.AspNetCompiler.Updateable = "true"
		Debug.AspNetCompiler.ForceOverwrite = "true"
		Debug.AspNetCompiler.FixedNames = "false"
		Debug.AspNetCompiler.Debug = "True"
		Release.AspNetCompiler.VirtualPath = "/localhost_2598"
		Release.AspNetCompiler.PhysicalPath = "eIVOGo\"
		Release.AspNetCompiler.TargetPath = "PrecompiledWeb\localhost_2598\"
		Release.AspNetCompiler.Updateable = "true"
		Release.AspNetCompiler.ForceOverwrite = "true"
		Release.AspNetCompiler.FixedNames = "false"
		Release.AspNetCompiler.Debug = "False"
		SlnRelativePath = "eIVOGo\"
	EndProjectSection
EndProject
Global
	GlobalSection(SolutionConfigurationPlatforms) = preSolution
		Debug|Any CPU = Debug|Any CPU
	EndGlobalSection
	GlobalSection(ProjectConfigurationPlatforms) = postSolution
		{ED0F0D3C-4C58-452D-A0A5-F96DF590EDDA}.Debug|Any CPU.ActiveCfg = Debug|Any CPU
		{ED0F0D3C-4C58-452D-A0A5-F96DF590EDDA}.Debug|Any CPU.Build.0 = Debug|Any CPU
	EndGlobalSection
	GlobalSection(SolutionProperties) = preSolution
		HideSolutionNode = FALSE
	EndGlobalSection
EndGlobal
